
Microsoft Visual Studio Solution File, Format Version 12.00
# Visual Studio Version 16
VisualStudioVersion = 16.0.29709.97
MinimumVisualStudioVersion = 10.0.40219.1
Project("{FAE04EC0-301F-11D3-BF4B-00C04F79EFBC}") = "InternetMonitor", "InternetMonitor.csproj", "{3AA8A49D-F913-4B97-BAFB-B84900A56CBB}"
EndProject
Global
	GlobalSection(SolutionConfigurationPlatforms) = preSolution
		Debug|Any CPU = Debug|Any CPU
		Release|Any CPU = Release|Any CPU
	EndGlobalSection
	GlobalSection(ProjectConfigurationPlatforms) = postSolution
		{3AA8A49D-F913-4B97-BAFB-B84900A56CBB}.Debug|Any CPU.ActiveCfg = Debug|Any CPU
		{3AA8A49D-F913-4B97-BAFB-B84900A56CBB}.Debug|Any CPU.Build.0 = Debug|Any CPU
		{3AA8A49D-F913-4B97-BAFB-B84900A56CBB}.Release|Any CPU.ActiveCfg = Release|Any CPU
		{3AA8A49D-F913-4B97-BAFB-B84900A56CBB}.Release|Any CPU.Build.0 = Release|Any CPU
	EndGlobalSection
	GlobalSection(SolutionProperties) = preSolution
		HideSolutionNode = FALSE
	EndGlobalSection
	GlobalSection(ExtensibilityGlobals) = postSolution
		SolutionGuid = {14DFE5F2-E92A-4D3D-94B3-FB097832EB07}
	EndGlobalSection
EndGlobal
